
Microsoft Visual Studio Solution File, Format Version 12.00
# Visual Studio Version 17
VisualStudioVersion = 17.11.35327.3
MinimumVisualStudioVersion = 10.0.40219.1
Project("{9A19103F-16F7-4668-BE54-9A1E7A4F7556}") = "PublishingHouse.WebApi", "PublishingHouse.WebApi.csproj", "{639AD51F-67D2-487F-AA58-44D8925FF11D}"
EndProject
Project("{9A19103F-16F7-4668-BE54-9A1E7A4F7556}") = "PublishingHouse.Abstractions", "..\PublishingHouse.Abstractions\PublishingHouse.Abstractions.csproj", "{B18EEB4B-9BDA-4BDD-9BA0-F58DB9F11C9F}"
EndProject
Project("{9A19103F-16F7-4668-BE54-9A1E7A4F7556}") = "PublishingHouse.BLL", "..\PublishingHouse.BLL\PublishingHouse.BLL.csproj", "{5314A12B-36CB-4F45-96EC-9D957C4058A1}"
EndProject
Project("{9A19103F-16F7-4668-BE54-9A1E7A4F7556}") = "PublishingHouse.DAL", "..\PublishingHouse.DAL\PublishingHouse.DAL.csproj", "{E266BD36-C1F6-4555-A103-C64A97F6F3C7}"
EndProject
Project("{FAE04EC0-301F-11D3-BF4B-00C04F79EFBC}") = "PublishingHouse.Shared", "..\PublishingHouse.Shared\PublishingHouse.Shared.csproj", "{3061C5EB-F9A5-4041-99A8-D60CB770E815}"
EndProject
Global
	GlobalSection(SolutionConfigurationPlatforms) = preSolution
		Debug|Any CPU = Debug|Any CPU
		Release|Any CPU = Release|Any CPU
	EndGlobalSection
	GlobalSection(ProjectConfigurationPlatforms) = postSolution
		{639AD51F-67D2-487F-AA58-44D8925FF11D}.Debug|Any CPU.ActiveCfg = Debug|Any CPU
		{639AD51F-67D2-487F-AA58-44D8925FF11D}.Debug|Any CPU.Build.0 = Debug|Any CPU
		{639AD51F-67D2-487F-AA58-44D8925FF11D}.Release|Any CPU.ActiveCfg = Release|Any CPU
		{639AD51F-67D2-487F-AA58-44D8925FF11D}.Release|Any CPU.Build.0 = Release|Any CPU
		{B18EEB4B-9BDA-4BDD-9BA0-F58DB9F11C9F}.Debug|Any CPU.ActiveCfg = Debug|Any CPU
		{B18EEB4B-9BDA-4BDD-9BA0-F58DB9F11C9F}.Debug|Any CPU.Build.0 = Debug|Any CPU
		{B18EEB4B-9BDA-4BDD-9BA0-F58DB9F11C9F}.Release|Any CPU.ActiveCfg = Release|Any CPU
		{B18EEB4B-9BDA-4BDD-9BA0-F58DB9F11C9F}.Release|Any CPU.Build.0 = Release|Any CPU
		{5314A12B-36CB-4F45-96EC-9D957C4058A1}.Debug|Any CPU.ActiveCfg = Debug|Any CPU
		{5314A12B-36CB-4F45-96EC-9D957C4058A1}.Debug|Any CPU.Build.0 = Debug|Any CPU
		{5314A12B-36CB-4F45-96EC-9D957C4058A1}.Release|Any CPU.ActiveCfg = Release|Any CPU
		{5314A12B-36CB-4F45-96EC-9D957C4058A1}.Release|Any CPU.Build.0 = Release|Any CPU
		{E266BD36-C1F6-4555-A103-C64A97F6F3C7}.Debug|Any CPU.ActiveCfg = Debug|Any CPU
		{E266BD36-C1F6-4555-A103-C64A97F6F3C7}.Debug|Any CPU.Build.0 = Debug|Any CPU
		{E266BD36-C1F6-4555-A103-C64A97F6F3C7}.Release|Any CPU.ActiveCfg = Release|Any CPU
		{E266BD36-C1F6-4555-A103-C64A97F6F3C7}.Release|Any CPU.Build.0 = Release|Any CPU
		{3061C5EB-F9A5-4041-99A8-D60CB770E815}.Debug|Any CPU.ActiveCfg = Debug|Any CPU
		{3061C5EB-F9A5-4041-99A8-D60CB770E815}.Debug|Any CPU.Build.0 = Debug|Any CPU
		{3061C5EB-F9A5-4041-99A8-D60CB770E815}.Release|Any CPU.ActiveCfg = Release|Any CPU
		{3061C5EB-F9A5-4041-99A8-D60CB770E815}.Release|Any CPU.Build.0 = Release|Any CPU
	EndGlobalSection
	GlobalSection(SolutionProperties) = preSolution
		HideSolutionNode = FALSE
	EndGlobalSection
	GlobalSection(ExtensibilityGlobals) = postSolution
		SolutionGuid = {F078C3B5-A11F-4D58-AF6C-D121E0D3FED5}
	EndGlobalSection
EndGlobal
